github.com/DataDog/gostackparse v0.7.0 h1:i7dLkXHvYzHV308hnkvVGDL3BR4FWl7IsXNPz/IGQh4=
github.com/DataDog/gostackparse v0.7.0/go.mod h1:lTfqcJKqS9KnXQGnyQMCugq3u1FP6UZMfWR0aitKFMM=
github.com/amazon-ion/ion-go v1.5.0 h1:fxsAyFda8N9HsM2xYbQSxJ3Qi/oLn0xzLoiXWG3bseg=
github.com/amazon-ion/ion-go v1.5.0/go.mod h1:3ZEje8i20TiIPVZlN+KE3B2ppZ1B8d9F/KaT7Dtec+k=
github.com/bahlo/generic-list-go v0.2.0 h1:5sz/EEAK+ls5wF+NeqDpk5+iNdMDXrh3z3nPnH1Wvgk=
github.com/bahlo/generic-list-go v0.2.0/go.mod h1:2KvAjgMlE5NNynlg/5iLrrCCZ2+5xWbdbCW3pNTGyYg=
github.com/buger/jsonparser v1.1.1 h1:2PnMjfWD7wBILjqQbt530v576A/cAbQvEW9gGIpYMUs=
github.com/buger/jsonparser v1.1.1/go.mod h1:6RYKKt7H4d4+iWqouImQ9R2FZql3VbhNgx27UK13J/0=
github.com/davecgh/go-spew v1.1.0/go.mod h1:J7Y8YcW2NihsgmVo/mv3lAwl/skON4iLHjSsI+c5H38=
github.com/davecgh/go-spew v1.1.1 h1:vj9j/u1bqnvCEfJOwUhtlOARqs3+rkHYY13jYWTU97c=
github.com/davecgh/go-spew v1.1.1/go.mod h1:J7Y8YcW2NihsgmVo/mv3lAwl/skON4iLHjSsI+c5H38=
github.com/eloonstra/go-little-drunken-bishop v0.0.0-20220607134621-f5256283989f h1:x/fSm/QNBuxU+YaAsRJ8gEOvlHFztKBfuSu8Nd+hwj4=
github.com/eloonstra/go-little-drunken-bishop v0.0.0-20220607134621-f5256283989f/go.mod h1:FUG+wmiEp7kz2uxANE4FhH4u9FaMMP6SZsquYIIAuq8=
github.com/google/go-cmp v0.5.0 h1:/QaMHBdZ26BB3SSst0Iwl10Epc+xhTquomWX0oZEB6w=
github.com/google/go-cmp v0.5.0/go.mod h1:v8dTdLbMG2kIc/vJvl+f65V22dbkXbowE6jgT/gNBxE=
github.com/google/uuid v1.6.0 h1:NIvaJDMOsjHA8n1jAhLSgzrAzy1Hgr+hNrb57e+94F0=
github.com/google/uuid v1.6.0/go.mod h1:TIyPZe4MgqvfeYDBFedMoGGpEw/LqOeaOT+nhxU+yHo=
github.com/goombaio/namegenerator v0.0.0-20181006234301-989e774b106e h1:XmA6L9IPRdUr28a+SK/oMchGgQy159wvzXA5tJ7l+40=
github.com/goombaio/namegenerator v0.0.0-20181006234301-989e774b106e/go.mod h1:AFIo+02s+12CEg8Gzz9kzhCbmbq6JcKNrhHffCGA9z4=
github.com/mailru/easyjson v0.9.0 h1:PrnmzHw7262yW8sTBwxi1PdJA3Iw/EKBa8psRf7d9a4=
github.com/mailru/easyjson v0.9.0/go.mod h1:1+xMtQp2MRNVL/V1bOzuP3aP8VNwRW55fQUto+XFtTU=
github.com/pmezard/go-difflib v1.0.0 h1:4DBwDE0NGyQoBHbLQYPwSUPoCMWR5BEzIk/f1lZbAQM=
github.com/pmezard/go-difflib v1.0.0/go.mod h1:iKH77koFhYxTK1pcRnkKkqfTogsbg7gZNVY4sRDYZ/4=
github.com/sean9999/go-delphi v0.1.0 h1:zUAohi4HLSUyNq9WgkuMd+19QMDJ033EIJy2gPZjNHY=
github.com/sean9999/go-delphi v0.1.0/go.mod h1:vd38v6C9sUccIlXGqabIU8IuqO5vS44HHY4PW+CBorQ=
github.com/sean9999/go-flargs v1.5.0 h1:JYPia7+NQsDUtzC79LuAuaao9MesQBg+B913LxHqLRs=
github.com/sean9999/go-flargs v1.5.0/go.mod h1:PbgAGB0zHaXODMBRZjbCLtVfYstQOwKEO3cVqClgaYY=
github.com/sean9999/go-oracle v1.6.2 h1:196Jq0eZ5/UocaRwR/Dhkq/ysiaGDvTZba5hDOS6X7E=
github.com/sean9999/go-oracle v1.6.2/go.mod h1:azuff/rNaGLetmLHh+WFrhfXsgqybN3oJHKhq66zDAk=
github.com/sean9999/go-real-fs v0.1.1 h1:FmPPLqmfEweuNLk8WNixZt7PhMd5Q3JEiENWfrX6thU=
github.com/sean9999/go-real-fs v0.1.1/go.mod h1:0BlMZzzhH7gqL7W0KH4RDAWvbtEIoXskxKZTiPi7bx4=
github.com/sean9999/go-stable-map v0.0.2 h1:CspA5jMVGZLqdW3C8Yz1tvLEt/ADNCOTewRMCGP7Czc=
github.com/sean9999/go-stable-map v0.0.2/go.mod h1:9CVFsCwTsm1qlMzoqGDSOK7WSE59h/0CzfI7cL2Af3I=
github.com/sean9999/hermeti v0.0.1 h1:Qfy1awTjNs+gTmi6Z19ulj8ix9mAMSd6aZy2r1crwQ4=
github.com/sean9999/hermeti v0.0.1/go.mod h1:UT3LdZQhsyiwXNto3BykJXVQBJOkRZ/bgJK4oEKym9s=
github.com/sean9999/pear v0.0.5 h1:IHOYxBo1KymPjyN00EIedY2Ifa5XAZNy4eWgcmI6ssc=
github.com/sean9999/pear v0.0.5/go.mod h1:eiFHU9C1yi9faFKkW//79maetAugdn7UUup5Ckb0pes=
github.com/spf13/afero v1.12.0 h1:UcOPyRBYczmFn6yvphxkn9ZEOY65cpwGKb5mL36mrqs=
github.com/spf13/afero v1.12.0/go.mod h1:ZTlWwG4/ahT8W7T0WQ5uYmjI9duaLQGy3Q2OAl4sk/4=
github.com/stretchr/objx v0.1.0/go.mod h1:HFkY916IF+rwdDfMAkV7OtwuqBVzrE8GR6GFx+wExME=
github.com/stretchr/objx v0.5.2 h1:xuMeJ0Sdp5ZMRXx/aWO6RZxdr3beISkG5/G/aIRr3pY=
github.com/stretchr/objx v0.5.2/go.mod h1:FRsXN1f5AsAjCGJKqEizvkpNtU+EGNCLh3NxZ/8L+MA=
github.com/stretchr/testify v1.6.1/go.mod h1:6Fq8oRcR53rry900zMqJjRRixrwX3KX962/h/Wwjteg=
github.com/stretchr/testify v1.7.0/go.mod h1:6Fq8oRcR53rry900zMqJjRRixrwX3KX962/h/Wwjteg=
github.com/stretchr/testify v1.10.0 h1:Xv5erBjTwe/5IxqUQTdXv5kgmIvbHo3QQyRwhJsOfJA=
github.com/stretchr/testify v1.10.0/go.mod h1:r2ic/lqez/lEtzL7wO/rwa5dbSLXVDPFyf8C91i36aY=
github.com/vmihailenco/msgpack/v5 v5.4.1 h1:cQriyiUvjTwOHg8QZaPihLWeRAAVoCpE00IUPn0Bjt8=
github.com/vmihailenco/msgpack/v5 v5.4.1/go.mod h1:GaZTsDaehaPpQVyxrf5mtQlH+pc21PIudVV/E3rRQok=
github.com/vmihailenco/tagparser/v2 v2.0.0 h1:y09buUbR+b5aycVFQs/g70pqKVZNBmxwAhO7/IwNM9g=
github.com/vmihailenco/tagparser/v2 v2.0.0/go.mod h1:Wri+At7QHww0WTrCBeu4J6bNtoV6mEfg5OIWRZA9qds=
github.com/wk8/go-ordered-map/v2 v2.1.8 h1:5h/BUHu93oj4gIdvHHHGsScSTMijfx5PeYkE/fJgbpc=
github.com/wk8/go-ordered-map/v2 v2.1.8/go.mod h1:5nJHM5DyteebpVlHnWMV0rPz6Zp7+xBAnxjb1X5vnTw=
golang.org/x/crypto v0.33.0 h1:IOBPskki6Lysi0lo9qQvbxiQ+FvsCC/YWOecCHAixus=
golang.org/x/crypto v0.33.0/go.mod h1:bVdXmD7IV/4GdElGPozy6U7lWdRXA4qyRVGJV57uQ5M=
golang.org/x/sys v0.30.0 h1:QjkSwP/36a20jFYWkSue1YwXzLmsV5Gfq7Eiy72C1uc=
golang.org/x/sys v0.30.0/go.mod h1:/VUhepiaJMQUp4+oa/7Zr1D23ma6VTLIYjOOTFZPUcA=
golang.org/x/text v0.22.0 h1:bofq7m3/HAFvbF51jz3Q9wLg3jkvSPuiZu/pD1XwgtM=
golang.org/x/text v0.22.0/go.mod h1:YRoo4H8PVmsu+E3Ou7cqLVH8oXWIHVoX0jqUWALQhfY=
golang.org/x/xerrors v0.0.0-20191204190536-9bdfabe68543/go.mod h1:I/5z698sn9Ka8TeJc9MKroUUfqBBauWjQqLJ2OPfmY0=
golang.org/x/xerrors v0.0.0-20200804184101-5ec99f83aff1 h1:go1bK/D/BFZV2I8cIQd1NKEZ+0owSTG1fDTci4IqFcE=
golang.org/x/xerrors v0.0.0-20200804184101-5ec99f83aff1/go.mod h1:I/5z698sn9Ka8TeJc9MKroUUfqBBauWjQqLJ2OPfmY0=
gopkg.in/check.v1 v0.0.0-20161208181325-20d25e280405 h1:yhCVgyC4o1eVCa2tZl7eS0r+SDo693bJlVdllGtEeKM=
gopkg.in/check.v1 v0.0.0-20161208181325-20d25e280405/go.mod h1:Co6ibVJAznAaIkqp8huTwlJQCZ016jof/cbN4VW5Yz0=
gopkg.in/yaml.v3 v3.0.0-20200313102051-9f266ea9e77c/go.mod h1:K4uyk7z7BCEPqu6E+C64Yfv1cQ7kz7rIZviUmN+EgEM=
gopkg.in/yaml.v3 v3.0.1 h1:fxVm/GzAzEWqLHuvctI91KS9hhNmmWOoWu0XTYJS7CA=
gopkg.in/yaml.v3 v3.0.1/go.mod h1:K4uyk7z7BCEPqu6E+C64Yfv1cQ7kz7rIZviUmN+EgEM=
