github.com/cbluth/randomart v0.0.0-20200825235236-8fe6fb74477c h1:USnsh77YxtQ1lFJw/gVXREA55xOBfHCEacYHyH6Rw0w=
github.com/cbluth/randomart v0.0.0-20200825235236-8fe6fb74477c/go.mod h1:xpPpl8GKe8ajZPykVEHaH7My19LLUVmMa8W5oh2n5OI=
github.com/eloonstra/go-little-drunken-bishop v0.0.0-20220607134621-f5256283989f h1:x/fSm/QNBuxU+YaAsRJ8gEOvlHFztKBfuSu8Nd+hwj4=
github.com/eloonstra/go-little-drunken-bishop v0.0.0-20220607134621-f5256283989f/go.mod h1:FUG+wmiEp7kz2uxANE4FhH4u9FaMMP6SZsquYIIAuq8=
